
Microsoft Visual Studio Solution File, Format Version 12.00
# Visual Studio 15
VisualStudioVersion = 15.0.27703.2035
MinimumVisualStudioVersion = 10.0.40219.1
Project("{FAE04EC0-301F-11D3-BF4B-00C04F79EFBC}") = "webapp", "webapp\webapp.csproj", "{2FF9306A-9F71-4F3D-B443-0ADA81C6BE77}"
EndProject
Project("{E53339B2-1760-4266-BCC7-CA923CBCF16C}") = "docker-compose", "docker-compose.dcproj", "{81150594-8F3A-44F4-AD5F-C22A5A95D2EE}"
EndProject
Global
	GlobalSection(SolutionConfigurationPlatforms) = preSolution
		Debug|Any CPU = Debug|Any CPU
		Release|Any CPU = Release|Any CPU
	EndGlobalSection
	GlobalSection(ProjectConfigurationPlatforms) = postSolution
		{2FF9306A-9F71-4F3D-B443-0ADA81C6BE77}.Debug|Any CPU.ActiveCfg = Debug|Any CPU
		{2FF9306A-9F71-4F3D-B443-0ADA81C6BE77}.Debug|Any CPU.Build.0 = Debug|Any CPU
		{2FF9306A-9F71-4F3D-B443-0ADA81C6BE77}.Release|Any CPU.ActiveCfg = Release|Any CPU
		{2FF9306A-9F71-4F3D-B443-0ADA81C6BE77}.Release|Any CPU.Build.0 = Release|Any CPU
		{81150594-8F3A-44F4-AD5F-C22A5A95D2EE}.Debug|Any CPU.ActiveCfg = Debug|Any CPU
		{81150594-8F3A-44F4-AD5F-C22A5A95D2EE}.Debug|Any CPU.Build.0 = Debug|Any CPU
		{81150594-8F3A-44F4-AD5F-C22A5A95D2EE}.Release|Any CPU.ActiveCfg = Release|Any CPU
		{81150594-8F3A-44F4-AD5F-C22A5A95D2EE}.Release|Any CPU.Build.0 = Release|Any CPU
	EndGlobalSection
	GlobalSection(SolutionProperties) = preSolution
		HideSolutionNode = FALSE
	EndGlobalSection
	GlobalSection(ExtensibilityGlobals) = postSolution
		SolutionGuid = {E7897E03-D6B2-488A-8096-87735B377752}
	EndGlobalSection
EndGlobal
