
Microsoft Visual Studio Solution File, Format Version 12.00
# Visual Studio Version 16
VisualStudioVersion = 16.0.29806.167
MinimumVisualStudioVersion = 10.0.40219.1
Project("{2150E333-8FDC-42A3-9474-1A3956D46DE8}") = "1 Apresentacao", "1 Apresentacao", "{21C22B01-A2C0-4D96-AE48-B7A708BDEBDA}"
EndProject
Project("{2150E333-8FDC-42A3-9474-1A3956D46DE8}") = "2 Aplicacao", "2 Aplicacao", "{9BC02BA4-7D64-4F09-9D6E-BFE4A9272DB9}"
EndProject
Project("{2150E333-8FDC-42A3-9474-1A3956D46DE8}") = "3 Dominio", "3 Dominio", "{B2EEF583-6A96-45AC-BEA0-1312A23B6913}"
EndProject
Project("{2150E333-8FDC-42A3-9474-1A3956D46DE8}") = "4 Infraestrutura", "4 Infraestrutura", "{630C69F6-6514-4AF7-8FDE-84D616338777}"
EndProject
Project("{FAE04EC0-301F-11D3-BF4B-00C04F79EFBC}") = "UADDD.Dominio", "UADDD.Dominio\UADDD.Dominio.csproj", "{377F9F09-6811-4372-9570-1FC1C4757309}"
EndProject
Project("{FAE04EC0-301F-11D3-BF4B-00C04F79EFBC}") = "UADDD.Dominio.Financeiro", "UADDD.Dominio.Financeiro\UADDD.Dominio.Financeiro.csproj", "{6411E431-8FD0-41F2-A743-61647DBAAF67}"
EndProject
Project("{FAE04EC0-301F-11D3-BF4B-00C04F79EFBC}") = "UADDD.Dominio.Biblioteca", "UADDD.Dominio.Biblioteca\UADDD.Dominio.Biblioteca.csproj", "{7AF26232-6E9C-43BA-AB95-AADEF6F1005F}"
EndProject
Project("{FAE04EC0-301F-11D3-BF4B-00C04F79EFBC}") = "UADDD.Dominio.Servicos", "UADDD.Dominio.Servicos\UADDD.Dominio.Servicos.csproj", "{86F85DD8-35C7-4B97-9DB8-94F47188BF4C}"
EndProject
Project("{FAE04EC0-301F-11D3-BF4B-00C04F79EFBC}") = "UADDD.Aplicacao", "UADDD.Aplicacao\UADDD.Aplicacao.csproj", "{12BB62FA-A516-4728-845B-CECF70EE9A40}"
EndProject
Project("{FAE04EC0-301F-11D3-BF4B-00C04F79EFBC}") = "UADDD.Aplicacao.DTO", "UADDD.Aplicacao.DTO\UADDD.Aplicacao.DTO.csproj", "{88504093-7B43-4C38-AE53-AC919FFCFAF2}"
EndProject
Project("{2150E333-8FDC-42A3-9474-1A3956D46DE8}") = "4.1 Persistencia", "4.1 Persistencia", "{705DE3A9-24F3-46C3-B0F6-0A021C3AFBF3}"
EndProject
Project("{2150E333-8FDC-42A3-9474-1A3956D46DE8}") = "4.2 CrossCuting", "4.2 CrossCuting", "{377E611B-6BFF-4A29-856B-40652587C52F}"
EndProject
Project("{FAE04EC0-301F-11D3-BF4B-00C04F79EFBC}") = "UADDD.Infraestrutura.Persistencia", "UADDD.Infraestrutura.Persistencia\UADDD.Infraestrutura.Persistencia.csproj", "{2FC0975B-1F08-4CEB-B1E7-DA7886138122}"
EndProject
Project("{FAE04EC0-301F-11D3-BF4B-00C04F79EFBC}") = "UADDD.MVC", "UADDD.MVC\UADDD.MVC.csproj", "{267DA96B-B365-4147-B104-677979052524}"
EndProject
Project("{FAE04EC0-301F-11D3-BF4B-00C04F79EFBC}") = "UADDD.Infraestrutura.CrossCuting", "UADDD.Infraestrutura.CrossCuting\UADDD.Infraestrutura.CrossCuting.csproj", "{A4881C1C-367F-4526-9593-599351D1612F}"
EndProject
Project("{FAE04EC0-301F-11D3-BF4B-00C04F79EFBC}") = "UADDD.Infraestrutura.CrossCuting.AutoMapper", "UADDD.Infraestrutura.CrossCuting.AutoMapper\UADDD.Infraestrutura.CrossCuting.AutoMapper.csproj", "{86E99A54-5886-497B-9471-696E6A927AF8}"
EndProject
Global
	GlobalSection(SolutionConfigurationPlatforms) = preSolution
		Debug|Any CPU = Debug|Any CPU
		Release|Any CPU = Release|Any CPU
	EndGlobalSection
	GlobalSection(ProjectConfigurationPlatforms) = postSolution
		{377F9F09-6811-4372-9570-1FC1C4757309}.Debug|Any CPU.ActiveCfg = Debug|Any CPU
		{377F9F09-6811-4372-9570-1FC1C4757309}.Debug|Any CPU.Build.0 = Debug|Any CPU
		{377F9F09-6811-4372-9570-1FC1C4757309}.Release|Any CPU.ActiveCfg = Release|Any CPU
		{377F9F09-6811-4372-9570-1FC1C4757309}.Release|Any CPU.Build.0 = Release|Any CPU
		{6411E431-8FD0-41F2-A743-61647DBAAF67}.Debug|Any CPU.ActiveCfg = Debug|Any CPU
		{6411E431-8FD0-41F2-A743-61647DBAAF67}.Debug|Any CPU.Build.0 = Debug|Any CPU
		{6411E431-8FD0-41F2-A743-61647DBAAF67}.Release|Any CPU.ActiveCfg = Release|Any CPU
		{6411E431-8FD0-41F2-A743-61647DBAAF67}.Release|Any CPU.Build.0 = Release|Any CPU
		{7AF26232-6E9C-43BA-AB95-AADEF6F1005F}.Debug|Any CPU.ActiveCfg = Debug|Any CPU
		{7AF26232-6E9C-43BA-AB95-AADEF6F1005F}.Debug|Any CPU.Build.0 = Debug|Any CPU
		{7AF26232-6E9C-43BA-AB95-AADEF6F1005F}.Release|Any CPU.ActiveCfg = Release|Any CPU
		{7AF26232-6E9C-43BA-AB95-AADEF6F1005F}.Release|Any CPU.Build.0 = Release|Any CPU
		{86F85DD8-35C7-4B97-9DB8-94F47188BF4C}.Debug|Any CPU.ActiveCfg = Debug|Any CPU
		{86F85DD8-35C7-4B97-9DB8-94F47188BF4C}.Debug|Any CPU.Build.0 = Debug|Any CPU
		{86F85DD8-35C7-4B97-9DB8-94F47188BF4C}.Release|Any CPU.ActiveCfg = Release|Any CPU
		{86F85DD8-35C7-4B97-9DB8-94F47188BF4C}.Release|Any CPU.Build.0 = Release|Any CPU
		{12BB62FA-A516-4728-845B-CECF70EE9A40}.Debug|Any CPU.ActiveCfg = Debug|Any CPU
		{12BB62FA-A516-4728-845B-CECF70EE9A40}.Debug|Any CPU.Build.0 = Debug|Any CPU
		{12BB62FA-A516-4728-845B-CECF70EE9A40}.Release|Any CPU.ActiveCfg = Release|Any CPU
		{12BB62FA-A516-4728-845B-CECF70EE9A40}.Release|Any CPU.Build.0 = Release|Any CPU
		{88504093-7B43-4C38-AE53-AC919FFCFAF2}.Debug|Any CPU.ActiveCfg = Debug|Any CPU
		{88504093-7B43-4C38-AE53-AC919FFCFAF2}.Debug|Any CPU.Build.0 = Debug|Any CPU
		{88504093-7B43-4C38-AE53-AC919FFCFAF2}.Release|Any CPU.ActiveCfg = Release|Any CPU
		{88504093-7B43-4C38-AE53-AC919FFCFAF2}.Release|Any CPU.Build.0 = Release|Any CPU
		{2FC0975B-1F08-4CEB-B1E7-DA7886138122}.Debug|Any CPU.ActiveCfg = Debug|Any CPU
		{2FC0975B-1F08-4CEB-B1E7-DA7886138122}.Debug|Any CPU.Build.0 = Debug|Any CPU
		{2FC0975B-1F08-4CEB-B1E7-DA7886138122}.Release|Any CPU.ActiveCfg = Release|Any CPU
		{2FC0975B-1F08-4CEB-B1E7-DA7886138122}.Release|Any CPU.Build.0 = Release|Any CPU
		{267DA96B-B365-4147-B104-677979052524}.Debug|Any CPU.ActiveCfg = Debug|Any CPU
		{267DA96B-B365-4147-B104-677979052524}.Debug|Any CPU.Build.0 = Debug|Any CPU
		{267DA96B-B365-4147-B104-677979052524}.Release|Any CPU.ActiveCfg = Release|Any CPU
		{267DA96B-B365-4147-B104-677979052524}.Release|Any CPU.Build.0 = Release|Any CPU
		{A4881C1C-367F-4526-9593-599351D1612F}.Debug|Any CPU.ActiveCfg = Debug|Any CPU
		{A4881C1C-367F-4526-9593-599351D1612F}.Debug|Any CPU.Build.0 = Debug|Any CPU
		{A4881C1C-367F-4526-9593-599351D1612F}.Release|Any CPU.ActiveCfg = Release|Any CPU
		{A4881C1C-367F-4526-9593-599351D1612F}.Release|Any CPU.Build.0 = Release|Any CPU
		{86E99A54-5886-497B-9471-696E6A927AF8}.Debug|Any CPU.ActiveCfg = Debug|Any CPU
		{86E99A54-5886-497B-9471-696E6A927AF8}.Debug|Any CPU.Build.0 = Debug|Any CPU
		{86E99A54-5886-497B-9471-696E6A927AF8}.Release|Any CPU.ActiveCfg = Release|Any CPU
		{86E99A54-5886-497B-9471-696E6A927AF8}.Release|Any CPU.Build.0 = Release|Any CPU
	EndGlobalSection
	GlobalSection(SolutionProperties) = preSolution
		HideSolutionNode = FALSE
	EndGlobalSection
	GlobalSection(NestedProjects) = preSolution
		{377F9F09-6811-4372-9570-1FC1C4757309} = {B2EEF583-6A96-45AC-BEA0-1312A23B6913}
		{6411E431-8FD0-41F2-A743-61647DBAAF67} = {B2EEF583-6A96-45AC-BEA0-1312A23B6913}
		{7AF26232-6E9C-43BA-AB95-AADEF6F1005F} = {B2EEF583-6A96-45AC-BEA0-1312A23B6913}
		{86F85DD8-35C7-4B97-9DB8-94F47188BF4C} = {B2EEF583-6A96-45AC-BEA0-1312A23B6913}
		{12BB62FA-A516-4728-845B-CECF70EE9A40} = {9BC02BA4-7D64-4F09-9D6E-BFE4A9272DB9}
		{88504093-7B43-4C38-AE53-AC919FFCFAF2} = {9BC02BA4-7D64-4F09-9D6E-BFE4A9272DB9}
		{705DE3A9-24F3-46C3-B0F6-0A021C3AFBF3} = {630C69F6-6514-4AF7-8FDE-84D616338777}
		{377E611B-6BFF-4A29-856B-40652587C52F} = {630C69F6-6514-4AF7-8FDE-84D616338777}
		{2FC0975B-1F08-4CEB-B1E7-DA7886138122} = {705DE3A9-24F3-46C3-B0F6-0A021C3AFBF3}
		{267DA96B-B365-4147-B104-677979052524} = {21C22B01-A2C0-4D96-AE48-B7A708BDEBDA}
		{A4881C1C-367F-4526-9593-599351D1612F} = {377E611B-6BFF-4A29-856B-40652587C52F}
		{86E99A54-5886-497B-9471-696E6A927AF8} = {377E611B-6BFF-4A29-856B-40652587C52F}
	EndGlobalSection
	GlobalSection(ExtensibilityGlobals) = postSolution
		SolutionGuid = {48AE324D-4C4C-40F9-8628-CB862235467C}
	EndGlobalSection
EndGlobal
