
Microsoft Visual Studio Solution File, Format Version 12.00
# Visual Studio Version 16
VisualStudioVersion = 16.0.30011.22
MinimumVisualStudioVersion = 10.0.40219.1
Project("{FAE04EC0-301F-11D3-BF4B-00C04F79EFBC}") = "NorthwindConsoleEF3", "NorthwindConsoleEF3\NorthwindConsoleEF3.csproj", "{CE6CE5A7-C5CD-47EC-8637-731B67D43871}"
EndProject
Global
	GlobalSection(SolutionConfigurationPlatforms) = preSolution
		Debug|Any CPU = Debug|Any CPU
		Release|Any CPU = Release|Any CPU
	EndGlobalSection
	GlobalSection(ProjectConfigurationPlatforms) = postSolution
		{CE6CE5A7-C5CD-47EC-8637-731B67D43871}.Debug|Any CPU.ActiveCfg = Debug|Any CPU
		{CE6CE5A7-C5CD-47EC-8637-731B67D43871}.Debug|Any CPU.Build.0 = Debug|Any CPU
		{CE6CE5A7-C5CD-47EC-8637-731B67D43871}.Release|Any CPU.ActiveCfg = Release|Any CPU
		{CE6CE5A7-C5CD-47EC-8637-731B67D43871}.Release|Any CPU.Build.0 = Release|Any CPU
	EndGlobalSection
	GlobalSection(SolutionProperties) = preSolution
		HideSolutionNode = FALSE
	EndGlobalSection
	GlobalSection(ExtensibilityGlobals) = postSolution
		SolutionGuid = {CB6E96B6-7FCD-4B79-ABEA-AEE877C5B6C4}
	EndGlobalSection
EndGlobal
